
Microsoft Visual Studio Solution File, Format Version 12.00
# Visual Studio Version 16
VisualStudioVersion = 16.0.30503.244
MinimumVisualStudioVersion = 10.0.40219.1
Project("{888888A0-9F3D-457C-B088-3A5042F75D52}") = "Summarization Engine", "Summarization Engine.pyproj", "{AC9EF3FF-C690-4E17-AC1B-A4A6261C8284}"
EndProject
Global
	GlobalSection(SolutionConfigurationPlatforms) = preSolution
		Debug|Any CPU = Debug|Any CPU
		Release|Any CPU = Release|Any CPU
	EndGlobalSection
	GlobalSection(ProjectConfigurationPlatforms) = postSolution
		{AC9EF3FF-C690-4E17-AC1B-A4A6261C8284}.Debug|Any CPU.ActiveCfg = Debug|Any CPU
		{AC9EF3FF-C690-4E17-AC1B-A4A6261C8284}.Release|Any CPU.ActiveCfg = Release|Any CPU
	EndGlobalSection
	GlobalSection(SolutionProperties) = preSolution
		HideSolutionNode = FALSE
	EndGlobalSection
	GlobalSection(ExtensibilityGlobals) = postSolution
		SolutionGuid = {D2251D4B-C229-4E0A-A7E3-F4F5532456FF}
	EndGlobalSection
EndGlobal
